
Microsoft Visual Studio Solution File, Format Version 12.00
# Visual Studio Version 17
VisualStudioVersion = 17.11.35303.130
MinimumVisualStudioVersion = 10.0.40219.1
Project("{888888A0-9F3D-457C-B088-3A5042F75D52}") = "Balanced multiway merging_externos", "Balanced multiway merging_externos\Balanced multiway merging_externos.pyproj", "{C0D75C58-4045-43F3-AFA8-5E33D4FB1C80}"
EndProject
Global
	GlobalSection(SolutionConfigurationPlatforms) = preSolution
		Debug|Any CPU = Debug|Any CPU
		Release|Any CPU = Release|Any CPU
	EndGlobalSection
	GlobalSection(ProjectConfigurationPlatforms) = postSolution
		{C0D75C58-4045-43F3-AFA8-5E33D4FB1C80}.Debug|Any CPU.ActiveCfg = Debug|Any CPU
		{C0D75C58-4045-43F3-AFA8-5E33D4FB1C80}.Release|Any CPU.ActiveCfg = Release|Any CPU
	EndGlobalSection
	GlobalSection(SolutionProperties) = preSolution
		HideSolutionNode = FALSE
	EndGlobalSection
	GlobalSection(ExtensibilityGlobals) = postSolution
		SolutionGuid = {E73756FB-D139-4847-885C-6C67ECA4C8BA}
	EndGlobalSection
EndGlobal
