
Microsoft Visual Studio Solution File, Format Version 12.00
# Visual Studio Version 17
VisualStudioVersion = 17.11.35303.130
MinimumVisualStudioVersion = 10.0.40219.1
Project("{888888A0-9F3D-457C-B088-3A5042F75D52}") = "Ordenamiento_de_arbol", "Ordenamiento_de_arbol\Ordenamiento_de_arbol.pyproj", "{6CC2E47D-4F8E-41DF-AB7D-27986DFCA8A7}"
EndProject
Global
	GlobalSection(SolutionConfigurationPlatforms) = preSolution
		Debug|Any CPU = Debug|Any CPU
		Release|Any CPU = Release|Any CPU
	EndGlobalSection
	GlobalSection(ProjectConfigurationPlatforms) = postSolution
		{6CC2E47D-4F8E-41DF-AB7D-27986DFCA8A7}.Debug|Any CPU.ActiveCfg = Debug|Any CPU
		{6CC2E47D-4F8E-41DF-AB7D-27986DFCA8A7}.Release|Any CPU.ActiveCfg = Release|Any CPU
	EndGlobalSection
	GlobalSection(SolutionProperties) = preSolution
		HideSolutionNode = FALSE
	EndGlobalSection
	GlobalSection(ExtensibilityGlobals) = postSolution
		SolutionGuid = {0A33BEEE-C454-4E8A-A881-31D01B4157C9}
	EndGlobalSection
EndGlobal
